{
    "_readme": [
        "This file locks the dependencies of your project to a known state",
        "Read more about it at https://getcomposer.org/doc/01-basic-usage.md#composer-lock-the-lock-file",
        "This file is @generated automatically"
    ],
    "content-hash": "70c35e9a655f7218528724edb868b0f0",
    "packages": [
        {
            "name": "pear-pear.horde.org/Horde_Exception",
            "version": "2.0.8",
            "dist": {
                "type": "file",
                "url": "https://pear.horde.org/get/Horde_Exception-2.0.8.tgz",
                "reference": null,
                "shasum": null
            },
            "require": {
                "pear-pear.horde.org/horde_translation": "<3.0.0.0",
                "php": "<8.0.0.0"
            },
            "replace": {
                "pear-horde/horde_exception": "== 2.0.8.0"
            },
            "type": "pear-library",
            "autoload": {
                "classmap": [
                    ""
                ]
            },
            "include-path": [
                "/"
            ],
            "license": [
                "LGPL-2.1"
            ],
            "description": "This class provides the default exception handlers for the Horde Application Framework."
        },
        {
            "name": "pear-pear.horde.org/Horde_Idna",
            "version": "1.0.4",
            "dist": {
                "type": "file",
                "url": "https://pear.horde.org/get/Horde_Idna-1.0.4.tgz",
                "reference": null,
                "shasum": null
            },
            "require": {
                "pear-pear.horde.org/horde_exception": "<3.0.0.0",
                "pear-pear.horde.org/horde_util": "<3.0.0.0",
                "php": "<8.0.0.0"
            },
            "replace": {
                "pear-horde/horde_idna": "== 1.0.4.0"
            },
            "type": "pear-library",
            "autoload": {
                "classmap": [
                    ""
                ]
            },
            "include-path": [
                "/"
            ],
            "license": [
                "BSD-2-Clause"
            ],
            "description": "Normalized access to various backends providing IDNA (Internationalized Domain Names in Applications) support."
        },
        {
            "name": "pear-pear.horde.org/Horde_ListHeaders",
            "version": "1.2.4",
            "dist": {
                "type": "file",
                "url": "https://pear.horde.org/get/Horde_ListHeaders-1.2.4.tgz",
                "reference": null,
                "shasum": null
            },
            "require": {
                "pear-pear.horde.org/horde_mail": "<3.0.0.0",
                "pear-pear.horde.org/horde_translation": "<3.0.0.0",
                "pear-pear.horde.org/horde_util": "<3.0.0.0",
                "php": "<8.0.0.0"
            },
            "replace": {
                "pear-horde/horde_listheaders": "== 1.2.4.0"
            },
            "type": "pear-library",
            "autoload": {
                "classmap": [
                    ""
                ]
            },
            "include-path": [
                "/"
            ],
            "license": [
                "LGPL-2.1"
            ],
            "description": "The Horde_ListHeaders library parses Mailing List Headers as defined in RFC 2369 & RFC 2919."
        },
        {
            "name": "pear-pear.horde.org/Horde_Mail",
            "version": "2.6.3",
            "dist": {
                "type": "file",
                "url": "https://pear.horde.org/get/Horde_Mail-2.6.3.tgz",
                "reference": null,
                "shasum": null
            },
            "require": {
                "pear-pear.horde.org/horde_exception": "<3.0.0.0",
                "pear-pear.horde.org/horde_idna": "<2.0.0.0",
                "pear-pear.horde.org/horde_mime": "<3.0.0.0",
                "pear-pear.horde.org/horde_stream_filter": "<3.0.0.0",
                "pear-pear.horde.org/horde_translation": "<3.0.0.0",
                "pear-pear.horde.org/horde_util": "<3.0.0.0",
                "php": "<8.0.0.0"
            },
            "replace": {
                "pear-horde/horde_mail": "== 2.6.3.0"
            },
            "type": "pear-library",
            "autoload": {
                "classmap": [
                    ""
                ]
            },
            "include-path": [
                "/"
            ],
            "license": [
                "BSD-2-Clause"
            ],
            "description": "Provides interfaces for sending e-mail messages and parsing e-mail addresses."
        },
        {
            "name": "pear-pear.horde.org/Horde_Mime",
            "version": "2.10.2",
            "dist": {
                "type": "file",
                "url": "https://pear.horde.org/get/Horde_Mime-2.10.2.tgz",
                "reference": null,
                "shasum": null
            },
            "require": {
                "pear-pear.horde.org/horde_exception": "<3.0.0.0",
                "pear-pear.horde.org/horde_listheaders": ">=1.2.0.0,<=2.0.0.0,!=3.0.0.0",
                "pear-pear.horde.org/horde_mail": "<3.0.0.0",
                "pear-pear.horde.org/horde_stream": "<2.0.0.0",
                "pear-pear.horde.org/horde_stream_filter": "<3.0.0.0",
                "pear-pear.horde.org/horde_support": "<3.0.0.0",
                "pear-pear.horde.org/horde_text_flowed": "<3.0.0.0",
                "pear-pear.horde.org/horde_translation": "<3.0.0.0",
                "pear-pear.horde.org/horde_util": "<3.0.0.0",
                "php": "<8.0.0.0"
            },
            "replace": {
                "pear-horde/horde_mime": "== 2.10.2.0"
            },
            "type": "pear-library",
            "autoload": {
                "classmap": [
                    ""
                ]
            },
            "include-path": [
                "/"
            ],
            "license": [
                "LGPL-2.1"
            ],
            "description": "Provides methods for dealing with Multipurpose Internet Mail Extensions (MIME) features (RFC 2045/2046/2047)."
        },
        {
            "name": "pear-pear.horde.org/Horde_Stream",
            "version": "1.6.3",
            "dist": {
                "type": "file",
                "url": "https://pear.horde.org/get/Horde_Stream-1.6.3.tgz",
                "reference": null,
                "shasum": null
            },
            "require": {
                "pear-pear.horde.org/horde_exception": "<3.0.0.0",
                "php": "<8.0.0.0"
            },
            "replace": {
                "pear-horde/horde_stream": "== 1.6.3.0"
            },
            "type": "pear-library",
            "autoload": {
                "classmap": [
                    ""
                ]
            },
            "include-path": [
                "/"
            ],
            "license": [
                "LGPL-2.1"
            ],
            "description": "An object-oriented interface to assist in creating and storing PHP stream resources, and to provide utility methods to access and manipulate the stream contents."
        },
        {
            "name": "pear-pear.horde.org/Horde_Stream_Filter",
            "version": "2.0.4",
            "dist": {
                "type": "file",
                "url": "https://pear.horde.org/get/Horde_Stream_Filter-2.0.4.tgz",
                "reference": null,
                "shasum": null
            },
            "require": {
                "php": "<8.0.0.0"
            },
            "replace": {
                "pear-horde/horde_stream_filter": "== 2.0.4.0"
            },
            "type": "pear-library",
            "autoload": {
                "classmap": [
                    ""
                ]
            },
            "include-path": [
                "/"
            ],
            "license": [
                "LGPL-2.1"
            ],
            "description": "A collection of various stream filters."
        },
        {
            "name": "pear-pear.horde.org/Horde_Stream_Wrapper",
            "version": "2.1.3",
            "dist": {
                "type": "file",
                "url": "https://pear.horde.org/get/Horde_Stream_Wrapper-2.1.3.tgz",
                "reference": null,
                "shasum": null
            },
            "require": {
                "php": "<8.0.0.0"
            },
            "replace": {
                "pear-horde/horde_stream_wrapper": "== 2.1.3.0"
            },
            "type": "pear-library",
            "autoload": {
                "classmap": [
                    ""
                ]
            },
            "include-path": [
                "/"
            ],
            "license": [
                "BSD-2-Clause"
            ],
            "description": "A collection of stream wrappers."
        },
        {
            "name": "pear-pear.horde.org/Horde_Support",
            "version": "2.1.5",
            "dist": {
                "type": "file",
                "url": "https://pear.horde.org/get/Horde_Support-2.1.5.tgz",
                "reference": null,
                "shasum": null
            },
            "require": {
                "pear-pear.horde.org/horde_exception": "<3.0.0.0",
                "pear-pear.horde.org/horde_stream_wrapper": "<3.0.0.0",
                "pear-pear.horde.org/horde_util": "<3.0.0.0",
                "php": "<8.0.0.0"
            },
            "replace": {
                "pear-horde/horde_support": "== 2.1.5.0"
            },
            "type": "pear-library",
            "autoload": {
                "classmap": [
                    ""
                ]
            },
            "include-path": [
                "/"
            ],
            "license": [
                "BSD-2-Clause"
            ],
            "description": "Support classes not tied to Horde but is used by it. These classes can be used outside of Horde as well."
        },
        {
            "name": "pear-pear.horde.org/Horde_Text_Flowed",
            "version": "2.0.3",
            "dist": {
                "type": "file",
                "url": "https://pear.horde.org/get/Horde_Text_Flowed-2.0.3.tgz",
                "reference": null,
                "shasum": null
            },
            "require": {
                "pear-pear.horde.org/horde_util": "<3.0.0.0",
                "php": "<8.0.0.0"
            },
            "replace": {
                "pear-horde/horde_text_flowed": "== 2.0.3.0"
            },
            "type": "pear-library",
            "autoload": {
                "classmap": [
                    ""
                ]
            },
            "include-path": [
                "/"
            ],
            "license": [
                "LGPL-2.1"
            ],
            "description": "The Horde_Text_Flowed:: class provides common methods for manipulating text using the encoding described in RFC 3676 ('flowed' text)."
        },
        {
            "name": "pear-pear.horde.org/Horde_Translation",
            "version": "2.2.1",
            "dist": {
                "type": "file",
                "url": "https://pear.horde.org/get/Horde_Translation-2.2.1.tgz",
                "reference": null,
                "shasum": null
            },
            "require": {
                "php": "<8.0.0.0"
            },
            "replace": {
                "pear-horde/horde_translation": "== 2.2.1.0"
            },
            "type": "pear-library",
            "autoload": {
                "classmap": [
                    ""
                ]
            },
            "include-path": [
                "/"
            ],
            "license": [
                "LGPL-2.1"
            ],
            "description": "Translation wrappers."
        },
        {
            "name": "pear-pear.horde.org/Horde_Util",
            "version": "2.5.8",
            "dist": {
                "type": "file",
                "url": "https://pear.horde.org/get/Horde_Util-2.5.8.tgz",
                "reference": null,
                "shasum": null
            },
            "require": {
                "ext-dom": "*",
                "php": "<8.0.0.0"
            },
            "replace": {
                "pear-horde/horde_util": "== 2.5.8.0"
            },
            "type": "pear-library",
            "autoload": {
                "classmap": [
                    ""
                ]
            },
            "include-path": [
                "/"
            ],
            "license": [
                "LGPL-2.1"
            ],
            "description": "These classes provide functionality useful for all kind of applications."
        },
        {
            "name": "pear-pear.php.net/Mail_Mime",
            "version": "1.10.1",
            "dist": {
                "type": "file",
                "url": "https://pear.php.net/get/Mail_Mime-1.10.1.tgz",
                "reference": null,
                "shasum": null
            },
            "require": {
                "php": ">=5.0.0.0"
            },
            "replace": {
                "pear-pear/mail_mime": "== 1.10.1.0"
            },
            "type": "pear-library",
            "autoload": {
                "classmap": [
                    ""
                ]
            },
            "include-path": [
                "/"
            ],
            "license": [
                "BSD Style"
            ],
            "description": "Mail_Mime provides classes to deal with the creation and manipulation of MIME messages.\nIt allows people to create e-mail messages consisting of:\n* Text Parts\n* HTML Parts\n* Inline HTML Images\n* Attachments\n* Attached messages\n\nIt supports big messages, base64 and quoted-printable encodings and\nnon-ASCII characters in filenames, subjects, recipients, etc. encoded\nusing RFC2047 and/or RFC2231."
        },
        {
            "name": "pear-pear.php.net/Mail_mimeDecode",
            "version": "1.5.6",
            "dist": {
                "type": "file",
                "url": "https://pear.php.net/get/Mail_mimeDecode-1.5.6.tgz",
                "reference": null,
                "shasum": null
            },
            "require": {
                "pear-pear.php.net/mail_mime": ">1.4.0.0",
                "php": ">=4.3.0.0"
            },
            "replace": {
                "pear-pear/mail_mimedecode": "== 1.5.6.0"
            },
            "type": "pear-library",
            "autoload": {
                "classmap": [
                    ""
                ]
            },
            "include-path": [
                "/"
            ],
            "license": [
                "BSD Style"
            ],
            "description": "Provides a class to deal with the decoding and interpreting of mime messages.\n This package used to be part of the Mail_Mime package, but has been split off."
        },
        {
            "name": "phpas2/phpas2",
            "version": "1.0.x-dev",
            "source": {
                "type": "git",
                "url": "https://github.com/phpas2/phpas2.git",
                "reference": "b3eb3768cf1485675c0b91b65130c6a61a078c9f"
            },
            "require": {
                "pear-pear.horde.org/horde_mime": "~2.10.2",
                "pear-pear.horde.org/horde_util": "~2.5.8",
                "pear-pear.php.net/mail_mimedecode": "~1.5.6",
                "php": "~5.6.0|~7.0.17"
            },
            "bin": [
                "bin/AS2Secure.jar"
            ],
            "type": "library",
            "autoload": {
                "psr-4": {
                    "PHPAS2\\": "src/"
                }
            },
            "license": [
                "GPL-3.0"
            ],
            "description": "Implementation of AS2Secure for PHP 7.x and composer-based projects.  Based on code from as2secure.com.",
            "keywords": [
                "as2",
                "as2secure",
                "as2securecode",
                "phpas2"
            ],
            "time": "2017-07-18 15:26:16"
        }
    ],
    "packages-dev": [
        {
            "name": "psr/container",
            "version": "dev-master",
            "source": {
                "type": "git",
                "url": "https://github.com/php-fig/container.git",
                "reference": "2cc4a01788191489dc7459446ba832fa79a216a7"
            },
            "dist": {
                "type": "zip",
                "url": "https://api.github.com/repos/php-fig/container/zipball/2cc4a01788191489dc7459446ba832fa79a216a7",
                "reference": "2cc4a01788191489dc7459446ba832fa79a216a7",
                "shasum": ""
            },
            "require": {
                "php": ">=5.3.0"
            },
            "type": "library",
            "extra": {
                "branch-alias": {
                    "dev-master": "1.0.x-dev"
                }
            },
            "autoload": {
                "psr-4": {
                    "Psr\\Container\\": "src/"
                }
            },
            "notification-url": "https://packagist.org/downloads/",
            "license": [
                "MIT"
            ],
            "authors": [
                {
                    "name": "PHP-FIG",
                    "homepage": "http://www.php-fig.org/"
                }
            ],
            "description": "Common Container Interface (PHP FIG PSR-11)",
            "homepage": "https://github.com/php-fig/container",
            "keywords": [
                "PSR-11",
                "container",
                "container-interface",
                "container-interop",
                "psr"
            ],
            "time": "2017-06-28T15:35:32+00:00"
        },
        {
            "name": "psr/log",
            "version": "dev-master",
            "source": {
                "type": "git",
                "url": "https://github.com/php-fig/log.git",
                "reference": "4ebe3a8bf773a19edfe0a84b6585ba3d401b724d"
            },
            "dist": {
                "type": "zip",
                "url": "https://api.github.com/repos/php-fig/log/zipball/4ebe3a8bf773a19edfe0a84b6585ba3d401b724d",
                "reference": "4ebe3a8bf773a19edfe0a84b6585ba3d401b724d",
                "shasum": ""
            },
            "require": {
                "php": ">=5.3.0"
            },
            "type": "library",
            "extra": {
                "branch-alias": {
                    "dev-master": "1.0.x-dev"
                }
            },
            "autoload": {
                "psr-4": {
                    "Psr\\Log\\": "Psr/Log/"
                }
            },
            "notification-url": "https://packagist.org/downloads/",
            "license": [
                "MIT"
            ],
            "authors": [
                {
                    "name": "PHP-FIG",
                    "homepage": "http://www.php-fig.org/"
                }
            ],
            "description": "Common interface for logging libraries",
            "homepage": "https://github.com/php-fig/log",
            "keywords": [
                "log",
                "psr",
                "psr-3"
            ],
            "time": "2016-10-10T12:19:37+00:00"
        },
        {
            "name": "ptachoire/cssembed",
            "version": "v1.0.2",
            "source": {
                "type": "git",
                "url": "https://github.com/krichprollsch/phpCssEmbed.git",
                "reference": "406c6d5b846cafa9186f9944a6210d0e6fed154b"
            },
            "dist": {
                "type": "zip",
                "url": "https://api.github.com/repos/krichprollsch/phpCssEmbed/zipball/406c6d5b846cafa9186f9944a6210d0e6fed154b",
                "reference": "406c6d5b846cafa9186f9944a6210d0e6fed154b",
                "shasum": ""
            },
            "require": {
                "php": ">=5.3.0"
            },
            "type": "library",
            "autoload": {
                "psr-0": {
                    "CssEmbed": "src/"
                }
            },
            "notification-url": "https://packagist.org/downloads/",
            "license": [
                "MIT"
            ],
            "authors": [
                {
                    "name": "Pierre Tachoire",
                    "email": "pierre.tachoire@gmail.com"
                }
            ],
            "description": "Css url embed library.",
            "homepage": "https://github.com/krichprollsch/phpCssEmbed",
            "keywords": [
                "css",
                "url"
            ],
            "time": "2013-07-22T20:01:48+00:00"
        },
        {
            "name": "raulfraile/ladybug",
            "version": "v1.0.13",
            "source": {
                "type": "git",
                "url": "https://github.com/raulfraile/ladybug.git",
                "reference": "40a15f3d1c2644d7dcc3721c7609a32401494a9f"
            },
            "dist": {
                "type": "zip",
                "url": "https://api.github.com/repos/raulfraile/ladybug/zipball/40a15f3d1c2644d7dcc3721c7609a32401494a9f",
                "reference": "40a15f3d1c2644d7dcc3721c7609a32401494a9f",
                "shasum": ""
            },
            "require": {
                "php": ">=5.3.9",
                "ptachoire/cssembed": "v1.0.2",
                "raulfraile/ladybug-plugin-extra": "~1.0.0",
                "raulfraile/ladybug-theme-modern": ">=1.0.7,<2.0",
                "symfony/config": ">=2.0",
                "symfony/console": ">=2.0",
                "symfony/dependency-injection": ">=2.0",
                "symfony/finder": ">=2.0",
                "twig/twig": ">=1.7.0"
            },
            "require-dev": {
                "jms/serializer": ">=0.11.0",
                "mockery/mockery": "0.9.1",
                "phpdocumentor/reflection-docblock": "2.0.0",
                "phpunit/phpunit": "~4.0",
                "symfony/dom-crawler": ">=2.0.4"
            },
            "suggest": {
                "jms/serializer": "Required to serialize data to XML and JSON",
                "phpdocumentor/reflection-docblock": "Required to display object methods description",
                "symfony/yaml": "Required to serialize data to YAML format"
            },
            "type": "library",
            "autoload": {
                "psr-0": {
                    "Ladybug\\Theme": [
                        "../ladybug-themes",
                        "data/themes"
                    ],
                    "Ladybug\\Plugin": [
                        "../ladybug-plugins",
                        "data/plugins"
                    ],
                    "Ladybug": "src/"
                }
            },
            "notification-url": "https://packagist.org/downloads/",
            "license": [
                "MIT"
            ],
            "authors": [
                {
                    "name": "Raul Fraile",
                    "email": "raulfraile@gmail.com",
                    "homepage": "http://www.raulfb.com/",
                    "role": "Developer"
                }
            ],
            "description": "Simple and Extensible PHP Dumper",
            "homepage": "https://github.com/raulfraile/ladybug",
            "keywords": [
                "dump",
                "dumper",
                "ladybug",
                "print_r",
                "var_dump"
            ],
            "time": "2015-12-23T08:33:11+00:00"
        },
        {
            "name": "raulfraile/ladybug-installer",
            "version": "v1.0.1",
            "source": {
                "type": "git",
                "url": "https://github.com/raulfraile/ladybug-installer.git",
                "reference": "04f38f50cac673d3ca93de9c0805889e37804b33"
            },
            "dist": {
                "type": "zip",
                "url": "https://api.github.com/repos/raulfraile/ladybug-installer/zipball/04f38f50cac673d3ca93de9c0805889e37804b33",
                "reference": "04f38f50cac673d3ca93de9c0805889e37804b33",
                "shasum": ""
            },
            "require": {
                "composer-plugin-api": "*"
            },
            "require-dev": {
                "composer/composer": "1.*",
                "mockery/mockery": "0.8.0"
            },
            "type": "composer-plugin",
            "extra": {
                "class": "\\Ladybug\\LadybugPlugin"
            },
            "autoload": {
                "psr-0": {
                    "Ladybug": [
                        "src/"
                    ]
                }
            },
            "notification-url": "https://packagist.org/downloads/",
            "license": [
                "MIT"
            ],
            "description": "Unified installer for ladybug addons",
            "keywords": [
                "installer",
                "ladybug",
                "plugins",
                "themes"
            ],
            "time": "2013-09-21T23:28:23+00:00"
        },
        {
            "name": "raulfraile/ladybug-plugin-extra",
            "version": "v1.0.1",
            "target-dir": "Ladybug/Plugin/Extra",
            "source": {
                "type": "git",
                "url": "https://github.com/raulfraile/ladybug-plugin-extra.git",
                "reference": "d240770a4c610e26657e5edc0edaace6d07187b2"
            },
            "dist": {
                "type": "zip",
                "url": "https://api.github.com/repos/raulfraile/ladybug-plugin-extra/zipball/d240770a4c610e26657e5edc0edaace6d07187b2",
                "reference": "d240770a4c610e26657e5edc0edaace6d07187b2",
                "shasum": ""
            },
            "require": {
                "raulfraile/ladybug-installer": "~1.0"
            },
            "require-dev": {
                "mockery/mockery": "0.8.0",
                "raulfraile/ladybug": "~1.0.0"
            },
            "type": "ladybug-plugin",
            "extra": {
                "ladybug_name": "Extra"
            },
            "autoload": {
                "psr-0": {
                    "Ladybug\\Plugin\\Extra\\": ""
                },
                "files": [
                    "Resources/php/helpers.php"
                ]
            },
            "notification-url": "https://packagist.org/downloads/",
            "license": [
                "MIT"
            ],
            "description": "Extra plugin for ladybug",
            "keywords": [
                "ladybug",
                "plugin"
            ],
            "time": "2013-09-29T10:19:08+00:00"
        },
        {
            "name": "raulfraile/ladybug-theme-modern",
            "version": "v1.0.7",
            "source": {
                "type": "git",
                "url": "https://github.com/raulfraile/ladybug-theme-modern.git",
                "reference": "0271ed62bc45397be9e346c9c19a0ae0d811ef8e"
            },
            "dist": {
                "type": "zip",
                "url": "https://api.github.com/repos/raulfraile/ladybug-theme-modern/zipball/0271ed62bc45397be9e346c9c19a0ae0d811ef8e",
                "reference": "0271ed62bc45397be9e346c9c19a0ae0d811ef8e",
                "shasum": ""
            },
            "require": {
                "raulfraile/ladybug-installer": "~1.0.0"
            },
            "type": "ladybug-theme",
            "extra": {
                "ladybug_name": "Modern"
            },
            "notification-url": "https://packagist.org/downloads/",
            "license": [
                "MIT"
            ],
            "description": "Theme 'modern' for ladybug",
            "keywords": [
                "dump",
                "ladybug",
                "print_r",
                "theme",
                "var_dump"
            ],
            "time": "2014-08-21T08:27:46+00:00"
        },
        {
            "name": "symfony/config",
            "version": "3.4.x-dev",
            "source": {
                "type": "git",
                "url": "https://github.com/symfony/config.git",
                "reference": "a34381a455c296a5a2cd97317933aa70c1336e5e"
            },
            "dist": {
                "type": "zip",
                "url": "https://api.github.com/repos/symfony/config/zipball/a34381a455c296a5a2cd97317933aa70c1336e5e",
                "reference": "a34381a455c296a5a2cd97317933aa70c1336e5e",
                "shasum": ""
            },
            "require": {
                "php": ">=5.5.9",
                "symfony/filesystem": "~2.8|~3.0|~4.0"
            },
            "conflict": {
                "symfony/dependency-injection": "<3.3",
                "symfony/finder": "<3.3"
            },
            "require-dev": {
                "symfony/dependency-injection": "~3.3|~4.0",
                "symfony/finder": "~3.3|~4.0",
                "symfony/yaml": "~3.0|~4.0"
            },
            "suggest": {
                "symfony/yaml": "To use the yaml reference dumper"
            },
            "type": "library",
            "extra": {
                "branch-alias": {
                    "dev-master": "3.4-dev"
                }
            },
            "autoload": {
                "psr-4": {
                    "Symfony\\Component\\Config\\": ""
                },
                "exclude-from-classmap": [
                    "/Tests/"
                ]
            },
            "notification-url": "https://packagist.org/downloads/",
            "license": [
                "MIT"
            ],
            "authors": [
                {
                    "name": "Fabien Potencier",
                    "email": "fabien@symfony.com"
                },
                {
                    "name": "Symfony Community",
                    "homepage": "https://symfony.com/contributors"
                }
            ],
            "description": "Symfony Config Component",
            "homepage": "https://symfony.com",
            "time": "2017-06-24T09:47:31+00:00"
        },
        {
            "name": "symfony/console",
            "version": "3.4.x-dev",
            "source": {
                "type": "git",
                "url": "https://github.com/symfony/console.git",
                "reference": "4820f8e1b3c03aab46a655518d078a7ffc8df4ef"
            },
            "dist": {
                "type": "zip",
                "url": "https://api.github.com/repos/symfony/console/zipball/4820f8e1b3c03aab46a655518d078a7ffc8df4ef",
                "reference": "4820f8e1b3c03aab46a655518d078a7ffc8df4ef",
                "shasum": ""
            },
            "require": {
                "php": ">=5.5.9",
                "symfony/debug": "~2.8|~3.0|~4.0",
                "symfony/polyfill-mbstring": "~1.0"
            },
            "conflict": {
                "symfony/dependency-injection": "<3.3",
                "symfony/process": "<3.3"
            },
            "require-dev": {
                "psr/log": "~1.0",
                "symfony/config": "~3.3|~4.0",
                "symfony/dependency-injection": "~3.3|~4.0",
                "symfony/event-dispatcher": "~2.8|~3.0|~4.0",
                "symfony/filesystem": "~2.8|~3.0|~4.0",
                "symfony/http-kernel": "~2.8|~3.0|~4.0",
                "symfony/process": "~3.3|~4.0"
            },
            "suggest": {
                "psr/log": "For using the console logger",
                "symfony/event-dispatcher": "",
                "symfony/filesystem": "",
                "symfony/process": ""
            },
            "type": "library",
            "extra": {
                "branch-alias": {
                    "dev-master": "3.4-dev"
                }
            },
            "autoload": {
                "psr-4": {
                    "Symfony\\Component\\Console\\": ""
                },
                "exclude-from-classmap": [
                    "/Tests/"
                ]
            },
            "notification-url": "https://packagist.org/downloads/",
            "license": [
                "MIT"
            ],
            "authors": [
                {
                    "name": "Fabien Potencier",
                    "email": "fabien@symfony.com"
                },
                {
                    "name": "Symfony Community",
                    "homepage": "https://symfony.com/contributors"
                }
            ],
            "description": "Symfony Console Component",
            "homepage": "https://symfony.com",
            "time": "2017-07-17T12:21:21+00:00"
        },
        {
            "name": "symfony/debug",
            "version": "3.4.x-dev",
            "source": {
                "type": "git",
                "url": "https://github.com/symfony/debug.git",
                "reference": "296d63b9b2fbe8da9308713295543c08e93cc9cf"
            },
            "dist": {
                "type": "zip",
                "url": "https://api.github.com/repos/symfony/debug/zipball/296d63b9b2fbe8da9308713295543c08e93cc9cf",
                "reference": "296d63b9b2fbe8da9308713295543c08e93cc9cf",
                "shasum": ""
            },
            "require": {
                "php": ">=5.5.9",
                "psr/log": "~1.0"
            },
            "conflict": {
                "symfony/http-kernel": ">=2.3,<2.3.24|~2.4.0|>=2.5,<2.5.9|>=2.6,<2.6.2"
            },
            "require-dev": {
                "symfony/http-kernel": "~2.8|~3.0|~4.0"
            },
            "type": "library",
            "extra": {
                "branch-alias": {
                    "dev-master": "3.4-dev"
                }
            },
            "autoload": {
                "psr-4": {
                    "Symfony\\Component\\Debug\\": ""
                },
                "exclude-from-classmap": [
                    "/Tests/"
                ]
            },
            "notification-url": "https://packagist.org/downloads/",
            "license": [
                "MIT"
            ],
            "authors": [
                {
                    "name": "Fabien Potencier",
                    "email": "fabien@symfony.com"
                },
                {
                    "name": "Symfony Community",
                    "homepage": "https://symfony.com/contributors"
                }
            ],
            "description": "Symfony Debug Component",
            "homepage": "https://symfony.com",
            "time": "2017-07-06T13:36:30+00:00"
        },
        {
            "name": "symfony/dependency-injection",
            "version": "3.4.x-dev",
            "source": {
                "type": "git",
                "url": "https://github.com/symfony/dependency-injection.git",
                "reference": "4e5b4212edfefe74c14f6153cc44e8ce324155c1"
            },
            "dist": {
                "type": "zip",
                "url": "https://api.github.com/repos/symfony/dependency-injection/zipball/4e5b4212edfefe74c14f6153cc44e8ce324155c1",
                "reference": "4e5b4212edfefe74c14f6153cc44e8ce324155c1",
                "shasum": ""
            },
            "require": {
                "php": ">=5.5.9",
                "psr/container": "^1.0"
            },
            "conflict": {
                "symfony/config": "<3.3.1",
                "symfony/finder": "<3.3",
                "symfony/yaml": "<3.3"
            },
            "provide": {
                "psr/container-implementation": "1.0"
            },
            "require-dev": {
                "symfony/config": "~3.3|~4.0",
                "symfony/expression-language": "~2.8|~3.0|~4.0",
                "symfony/yaml": "~3.3|~4.0"
            },
            "suggest": {
                "symfony/config": "",
                "symfony/expression-language": "For using expressions in service container configuration",
                "symfony/finder": "For using double-star glob patterns or when GLOB_BRACE portability is required",
                "symfony/proxy-manager-bridge": "Generate service proxies to lazy load them",
                "symfony/yaml": ""
            },
            "type": "library",
            "extra": {
                "branch-alias": {
                    "dev-master": "3.4-dev"
                }
            },
            "autoload": {
                "psr-4": {
                    "Symfony\\Component\\DependencyInjection\\": ""
                },
                "exclude-from-classmap": [
                    "/Tests/"
                ]
            },
            "notification-url": "https://packagist.org/downloads/",
            "license": [
                "MIT"
            ],
            "authors": [
                {
                    "name": "Fabien Potencier",
                    "email": "fabien@symfony.com"
                },
                {
                    "name": "Symfony Community",
                    "homepage": "https://symfony.com/contributors"
                }
            ],
            "description": "Symfony DependencyInjection Component",
            "homepage": "https://symfony.com",
            "time": "2017-07-18T11:59:19+00:00"
        },
        {
            "name": "symfony/filesystem",
            "version": "3.4.x-dev",
            "source": {
                "type": "git",
                "url": "https://github.com/symfony/filesystem.git",
                "reference": "353cb00e1fb1342b6e30a6c84e4b301568e58b9f"
            },
            "dist": {
                "type": "zip",
                "url": "https://api.github.com/repos/symfony/filesystem/zipball/353cb00e1fb1342b6e30a6c84e4b301568e58b9f",
                "reference": "353cb00e1fb1342b6e30a6c84e4b301568e58b9f",
                "shasum": ""
            },
            "require": {
                "php": ">=5.5.9"
            },
            "type": "library",
            "extra": {
                "branch-alias": {
                    "dev-master": "3.4-dev"
                }
            },
            "autoload": {
                "psr-4": {
                    "Symfony\\Component\\Filesystem\\": ""
                },
                "exclude-from-classmap": [
                    "/Tests/"
                ]
            },
            "notification-url": "https://packagist.org/downloads/",
            "license": [
                "MIT"
            ],
            "authors": [
                {
                    "name": "Fabien Potencier",
                    "email": "fabien@symfony.com"
                },
                {
                    "name": "Symfony Community",
                    "homepage": "https://symfony.com/contributors"
                }
            ],
            "description": "Symfony Filesystem Component",
            "homepage": "https://symfony.com",
            "time": "2017-07-11T07:19:17+00:00"
        },
        {
            "name": "symfony/finder",
            "version": "3.4.x-dev",
            "source": {
                "type": "git",
                "url": "https://github.com/symfony/finder.git",
                "reference": "295fa37f13dbc4bba200680d2f4ae2c4a1f77709"
            },
            "dist": {
                "type": "zip",
                "url": "https://api.github.com/repos/symfony/finder/zipball/295fa37f13dbc4bba200680d2f4ae2c4a1f77709",
                "reference": "295fa37f13dbc4bba200680d2f4ae2c4a1f77709",
                "shasum": ""
            },
            "require": {
                "php": ">=5.5.9"
            },
            "type": "library",
            "extra": {
                "branch-alias": {
                    "dev-master": "3.4-dev"
                }
            },
            "autoload": {
                "psr-4": {
                    "Symfony\\Component\\Finder\\": ""
                },
                "exclude-from-classmap": [
                    "/Tests/"
                ]
            },
            "notification-url": "https://packagist.org/downloads/",
            "license": [
                "MIT"
            ],
            "authors": [
                {
                    "name": "Fabien Potencier",
                    "email": "fabien@symfony.com"
                },
                {
                    "name": "Symfony Community",
                    "homepage": "https://symfony.com/contributors"
                }
            ],
            "description": "Symfony Finder Component",
            "homepage": "https://symfony.com",
            "time": "2017-06-01T21:02:15+00:00"
        },
        {
            "name": "symfony/polyfill-mbstring",
            "version": "dev-master",
            "source": {
                "type": "git",
                "url": "https://github.com/symfony/polyfill-mbstring.git",
                "reference": "7c8fae0ac1d216eb54349e6a8baa57d515fe8803"
            },
            "dist": {
                "type": "zip",
                "url": "https://api.github.com/repos/symfony/polyfill-mbstring/zipball/7c8fae0ac1d216eb54349e6a8baa57d515fe8803",
                "reference": "7c8fae0ac1d216eb54349e6a8baa57d515fe8803",
                "shasum": ""
            },
            "require": {
                "php": ">=5.3.3"
            },
            "suggest": {
                "ext-mbstring": "For best performance"
            },
            "type": "library",
            "extra": {
                "branch-alias": {
                    "dev-master": "1.5-dev"
                }
            },
            "autoload": {
                "psr-4": {
                    "Symfony\\Polyfill\\Mbstring\\": ""
                },
                "files": [
                    "bootstrap.php"
                ]
            },
            "notification-url": "https://packagist.org/downloads/",
            "license": [
                "MIT"
            ],
            "authors": [
                {
                    "name": "Nicolas Grekas",
                    "email": "p@tchwork.com"
                },
                {
                    "name": "Symfony Community",
                    "homepage": "https://symfony.com/contributors"
                }
            ],
            "description": "Symfony polyfill for the Mbstring extension",
            "homepage": "https://symfony.com",
            "keywords": [
                "compatibility",
                "mbstring",
                "polyfill",
                "portable",
                "shim"
            ],
            "time": "2017-06-14T15:44:48+00:00"
        },
        {
            "name": "twig/twig",
            "version": "1.x-dev",
            "source": {
                "type": "git",
                "url": "https://github.com/twigphp/Twig.git",
                "reference": "f1703ea411d642f5b26c81553063a3154325ed80"
            },
            "dist": {
                "type": "zip",
                "url": "https://api.github.com/repos/twigphp/Twig/zipball/f1703ea411d642f5b26c81553063a3154325ed80",
                "reference": "f1703ea411d642f5b26c81553063a3154325ed80",
                "shasum": ""
            },
            "require": {
                "php": ">=5.3.3"
            },
            "require-dev": {
                "psr/container": "^1.0",
                "symfony/debug": "~2.7",
                "symfony/phpunit-bridge": "~3.3@dev"
            },
            "type": "library",
            "extra": {
                "branch-alias": {
                    "dev-master": "1.34-dev"
                }
            },
            "autoload": {
                "psr-0": {
                    "Twig_": "lib/"
                },
                "psr-4": {
                    "Twig\\": "src/"
                }
            },
            "notification-url": "https://packagist.org/downloads/",
            "license": [
                "BSD-3-Clause"
            ],
            "authors": [
                {
                    "name": "Fabien Potencier",
                    "email": "fabien@symfony.com",
                    "homepage": "http://fabien.potencier.org",
                    "role": "Lead Developer"
                },
                {
                    "name": "Armin Ronacher",
                    "email": "armin.ronacher@active-4.com",
                    "role": "Project Founder"
                },
                {
                    "name": "Twig Team",
                    "homepage": "http://twig.sensiolabs.org/contributors",
                    "role": "Contributors"
                }
            ],
            "description": "Twig, the flexible, fast, and secure template language for PHP",
            "homepage": "http://twig.sensiolabs.org",
            "keywords": [
                "templating"
            ],
            "time": "2017-07-04T13:20:04+00:00"
        }
    ],
    "aliases": [],
    "minimum-stability": "dev",
    "stability-flags": {
        "phpas2/phpas2": 20
    },
    "prefer-stable": false,
    "prefer-lowest": false,
    "platform": [],
    "platform-dev": []
}
